
Microsoft Visual Studio Solution File, Format Version 12.00
# Visual Studio Version 17
VisualStudioVersion = 17.0.31903.59
MinimumVisualStudioVersion = 10.0.40219.1
Project("{FAE04EC0-301F-11D3-BF4B-00C04F79EFBC}") = "KQLAnalyzer", "src\KQLAnalyzer.csproj", "{E8C805FD-0ABB-46F1-87CD-15609E0531B6}"
EndProject
Project("{FAE04EC0-301F-11D3-BF4B-00C04F79EFBC}") = "KQLAnalyzer.Tests", "KQLAnalyzer.Tests\KQLAnalyzer.Tests.csproj", "{24674704-4F73-43F2-968F-1537E40630D1}"
EndProject
Global
	GlobalSection(SolutionConfigurationPlatforms) = preSolution
		Debug|Any CPU = Debug|Any CPU
		Release|Any CPU = Release|Any CPU
	EndGlobalSection
	GlobalSection(SolutionProperties) = preSolution
		HideSolutionNode = FALSE
	EndGlobalSection
	GlobalSection(ProjectConfigurationPlatforms) = postSolution
		{E8C805FD-0ABB-46F1-87CD-15609E0531B6}.Debug|Any CPU.ActiveCfg = Debug|Any CPU
		{E8C805FD-0ABB-46F1-87CD-15609E0531B6}.Debug|Any CPU.Build.0 = Debug|Any CPU
		{E8C805FD-0ABB-46F1-87CD-15609E0531B6}.Release|Any CPU.ActiveCfg = Release|Any CPU
		{E8C805FD-0ABB-46F1-87CD-15609E0531B6}.Release|Any CPU.Build.0 = Release|Any CPU
		{24674704-4F73-43F2-968F-1537E40630D1}.Debug|Any CPU.ActiveCfg = Debug|Any CPU
		{24674704-4F73-43F2-968F-1537E40630D1}.Debug|Any CPU.Build.0 = Debug|Any CPU
		{24674704-4F73-43F2-968F-1537E40630D1}.Release|Any CPU.ActiveCfg = Release|Any CPU
		{24674704-4F73-43F2-968F-1537E40630D1}.Release|Any CPU.Build.0 = Release|Any CPU
	EndGlobalSection
EndGlobal
